
Microsoft Visual Studio Solution File, Format Version 12.00
# Visual Studio 15
VisualStudioVersion = 15.0.26730.16
MinimumVisualStudioVersion = 10.0.40219.1
Project("{FAE04EC0-301F-11D3-BF4B-00C04F79EFBC}") = "StudentMvc", "StudentMvc\StudentMvc.csproj", "{F21DFB6C-F249-417B-9887-1A683B3E890B}"
EndProject
Global
	GlobalSection(SolutionConfigurationPlatforms) = preSolution
		Debug|Any CPU = Debug|Any CPU
		Release|Any CPU = Release|Any CPU
	EndGlobalSection
	GlobalSection(ProjectConfigurationPlatforms) = postSolution
		{F21DFB6C-F249-417B-9887-1A683B3E890B}.Debug|Any CPU.ActiveCfg = Debug|Any CPU
		{F21DFB6C-F249-417B-9887-1A683B3E890B}.Debug|Any CPU.Build.0 = Debug|Any CPU
		{F21DFB6C-F249-417B-9887-1A683B3E890B}.Release|Any CPU.ActiveCfg = Release|Any CPU
		{F21DFB6C-F249-417B-9887-1A683B3E890B}.Release|Any CPU.Build.0 = Release|Any CPU
	EndGlobalSection
	GlobalSection(SolutionProperties) = preSolution
		HideSolutionNode = FALSE
	EndGlobalSection
	GlobalSection(ExtensibilityGlobals) = postSolution
		SolutionGuid = {EF602E14-1348-4B94-8DB2-5DC80A24D678}
	EndGlobalSection
EndGlobal
